
Microsoft Visual Studio Solution File, Format Version 12.00
# Visual Studio Version 17
VisualStudioVersion = 17.4.33110.190
MinimumVisualStudioVersion = 10.0.40219.1
Project("{FAE04EC0-301F-11D3-BF4B-00C04F79EFBC}") = "AutoClickerUT", "AutoClickerUT\AutoClickerUT.csproj", "{17B01F91-97EC-41C1-ACB3-4C8E1755DEE0}"
EndProject
Global
	GlobalSection(SolutionConfigurationPlatforms) = preSolution
		Debug|Any CPU = Debug|Any CPU
		Release|Any CPU = Release|Any CPU
	EndGlobalSection
	GlobalSection(ProjectConfigurationPlatforms) = postSolution
		{17B01F91-97EC-41C1-ACB3-4C8E1755DEE0}.Debug|Any CPU.ActiveCfg = Debug|Any CPU
		{17B01F91-97EC-41C1-ACB3-4C8E1755DEE0}.Debug|Any CPU.Build.0 = Debug|Any CPU
		{17B01F91-97EC-41C1-ACB3-4C8E1755DEE0}.Release|Any CPU.ActiveCfg = Release|Any CPU
		{17B01F91-97EC-41C1-ACB3-4C8E1755DEE0}.Release|Any CPU.Build.0 = Release|Any CPU
	EndGlobalSection
	GlobalSection(SolutionProperties) = preSolution
		HideSolutionNode = FALSE
	EndGlobalSection
	GlobalSection(ExtensibilityGlobals) = postSolution
		SolutionGuid = {82DFFA12-C5AF-4268-82C8-1BB8B25890A1}
	EndGlobalSection
EndGlobal
